Microsoft Visual Studio Solution File, Format Version 12.00
# Visual Studio Version 17
VisualStudioVersion = 17.5.2.0
MinimumVisualStudioVersion = 10.0.40219.1
Project("{FAE04EC0-301F-11D3-BF4B-00C04F79EFBC}") = "InputValidationcsharp", "InputValidationcsharp\InputValidationcsharp.csproj", "{40903F3E-5525-D17F-0470-8E1D04BF1170}"
EndProject
Global
	GlobalSection(SolutionConfigurationPlatforms) = preSolution
		Debug|Any CPU = Debug|Any CPU
		Release|Any CPU = Release|Any CPU
	EndGlobalSection
	GlobalSection(ProjectConfigurationPlatforms) = postSolution
		{40903F3E-5525-D17F-0470-8E1D04BF1170}.Debug|Any CPU.ActiveCfg = Debug|Any CPU
		{40903F3E-5525-D17F-0470-8E1D04BF1170}.Debug|Any CPU.Build.0 = Debug|Any CPU
		{40903F3E-5525-D17F-0470-8E1D04BF1170}.Release|Any CPU.ActiveCfg = Release|Any CPU
		{40903F3E-5525-D17F-0470-8E1D04BF1170}.Release|Any CPU.Build.0 = Release|Any CPU
	EndGlobalSection
	GlobalSection(SolutionProperties) = preSolution
		HideSolutionNode = FALSE
	EndGlobalSection
	GlobalSection(ExtensibilityGlobals) = postSolution
		SolutionGuid = {044216C1-B299-44AC-AC26-FB6B8CFE6852}
	EndGlobalSection
EndGlobal
